
Microsoft Visual Studio Solution File, Format Version 12.00
# Visual Studio Version 17
VisualStudioVersion = 17.3.32929.385
MinimumVisualStudioVersion = 10.0.40219.1
Project("{FAE04EC0-301F-11D3-BF4B-00C04F79EFBC}") = "Working Hourss", "Working Hourss.csproj", "{F723E862-3ACB-4D9E-9691-3184A11FC11F}"
EndProject
Global
	GlobalSection(SolutionConfigurationPlatforms) = preSolution
		Debug|Any CPU = Debug|Any CPU
		Release|Any CPU = Release|Any CPU
	EndGlobalSection
	GlobalSection(ProjectConfigurationPlatforms) = postSolution
		{F723E862-3ACB-4D9E-9691-3184A11FC11F}.Debug|Any CPU.ActiveCfg = Debug|Any CPU
		{F723E862-3ACB-4D9E-9691-3184A11FC11F}.Debug|Any CPU.Build.0 = Debug|Any CPU
		{F723E862-3ACB-4D9E-9691-3184A11FC11F}.Release|Any CPU.ActiveCfg = Release|Any CPU
		{F723E862-3ACB-4D9E-9691-3184A11FC11F}.Release|Any CPU.Build.0 = Release|Any CPU
	EndGlobalSection
	GlobalSection(SolutionProperties) = preSolution
		HideSolutionNode = FALSE
	EndGlobalSection
	GlobalSection(ExtensibilityGlobals) = postSolution
		SolutionGuid = {42BAA340-9CAA-40D6-BDFC-825EFF07C9F5}
	EndGlobalSection
EndGlobal
